
Microsoft Visual Studio Solution File, Format Version 12.00
# Visual Studio 15
Project("{FAE04EC0-301F-11D3-BF4B-00C04F79EFBC}") = "Assembly-CSharp", "Assembly-CSharp.csproj", "{BAC23E11-6E0D-BDAD-4217-339DCA2F0AA9}"
EndProject
Project("{FAE04EC0-301F-11D3-BF4B-00C04F79EFBC}") = "Assembly-CSharp-Editor", "Assembly-CSharp-Editor.csproj", "{B2D8CFA1-4B20-5BDE-4D12-CD01862C47F7}"
EndProject
Global
	GlobalSection(SolutionConfigurationPlatforms) = preSolution
		Debug|Any CPU = Debug|Any CPU
		Release|Any CPU = Release|Any CPU
	EndGlobalSection
	GlobalSection(ProjectConfigurationPlatforms) = postSolution
		{BAC23E11-6E0D-BDAD-4217-339DCA2F0AA9}.Debug|Any CPU.ActiveCfg = Debug|Any CPU
		{BAC23E11-6E0D-BDAD-4217-339DCA2F0AA9}.Debug|Any CPU.Build.0 = Debug|Any CPU
		{BAC23E11-6E0D-BDAD-4217-339DCA2F0AA9}.Release|Any CPU.ActiveCfg = Release|Any CPU
		{BAC23E11-6E0D-BDAD-4217-339DCA2F0AA9}.Release|Any CPU.Build.0 = Release|Any CPU
		{B2D8CFA1-4B20-5BDE-4D12-CD01862C47F7}.Debug|Any CPU.ActiveCfg = Debug|Any CPU
		{B2D8CFA1-4B20-5BDE-4D12-CD01862C47F7}.Debug|Any CPU.Build.0 = Debug|Any CPU
		{B2D8CFA1-4B20-5BDE-4D12-CD01862C47F7}.Release|Any CPU.ActiveCfg = Release|Any CPU
		{B2D8CFA1-4B20-5BDE-4D12-CD01862C47F7}.Release|Any CPU.Build.0 = Release|Any CPU
	EndGlobalSection
	GlobalSection(SolutionProperties) = preSolution
		HideSolutionNode = FALSE
	EndGlobalSection
EndGlobal
